// !$*UTF8*$!
{
	archiveVersion = 1;
	classes = {
	};
	objectVersion = 50;
	objects = {

/* Begin PBXBuildFile section */
		23942A6529F2885700663A06 /* AppDelegate.swift in Sources */ = {isa = PBXBuildFile; fileRef = 23942A6429F2885700663A06 /* AppDelegate.swift */; };
		23942A6729F2885700663A06 /* SceneDelegate.swift in Sources */ = {isa = PBXBuildFile; fileRef = 23942A6629F2885700663A06 /* SceneDelegate.swift */; };
		23942A6929F2885700663A06 /* ViewController.swift in Sources */ = {isa = PBXBuildFile; fileRef = 23942A6829F2885700663A06 /* ViewController.swift */; };
		23942A6C29F2885700663A06 /* Main.storyboard in Resources */ = {isa = PBXBuildFile; fileRef = 23942A6A29F2885700663A06 /* Main.storyboard */; };
		23942A6E29F2885700663A06 /* Assets.xcassets in Resources */ = {isa = PBXBuildFile; fileRef = 23942A6D29F2885700663A06 /* Assets.xcassets */; };
		23942A7129F2885800663A06 /* LaunchScreen.storyboard in Resources */ = {isa = PBXBuildFile; fileRef = 23942A6F29F2885800663A06 /* LaunchScreen.storyboard */; };
		23942A7D29F291F200663A06 /* WeatherTableViewCell.swift in Sources */ = {isa = PBXBuildFile; fileRef = 23942A7B29F291F200663A06 /* WeatherTableViewCell.swift */; };
		23942A7E29F291F200663A06 /* WeatherTableViewCell.xib in Resources */ = {isa = PBXBuildFile; fileRef = 23942A7C29F291F200663A06 /* WeatherTableViewCell.xib */; };
		23942A8129F2922500663A06 /* HourlyTableViewCell.swift in Sources */ = {isa = PBXBuildFile; fileRef = 23942A7F29F2922500663A06 /* HourlyTableViewCell.swift */; };
		23942A8229F2922500663A06 /* HourlyTableViewCell.xib in Resources */ = {isa = PBXBuildFile; fileRef = 23942A8029F2922500663A06 /* HourlyTableViewCell.xib */; };
/* End PBXBuildFile section */

/* Begin PBXFileReference section */
		23942A6129F2885700663A06 /* WeatherApp7days.app */ = {isa = PBXFileReference; explicitFileType = wrapper.application; includeInIndex = 0; path = WeatherApp7days.app; sourceTree = BUILT_PRODUCTS_DIR; };
		23942A6429F2885700663A06 /* AppDelegate.swift */ = {isa = PBXFileReference; lastKnownFileType = sourcecode.swift; path = AppDelegate.swift; sourceTree = "<group>"; };
		23942A6629F2885700663A06 /* SceneDelegate.swift */ = {isa = PBXFileReference; lastKnownFileType = sourcecode.swift; path = SceneDelegate.swift; sourceTree = "<group>"; };
		23942A6829F2885700663A06 /* ViewController.swift */ = {isa = PBXFileReference; lastKnownFileType = sourcecode.swift; path = ViewController.swift; sourceTree = "<group>"; };
		23942A6B29F2885700663A06 /* Base */ = {isa = PBXFileReference; lastKnownFileType = file.storyboard; name = Base; path = Base.lproj/Main.storyboard; sourceTree = "<group>"; };
		23942A6D29F2885700663A06 /* Assets.xcassets */ = {isa = PBXFileReference; lastKnownFileType = folder.assetcatalog; path = Assets.xcassets; sourceTree = "<group>"; };
		23942A7029F2885800663A06 /* Base */ = {isa = PBXFileReference; lastKnownFileType = file.storyboard; name = Base; path = Base.lproj/LaunchScreen.storyboard; sourceTree = "<group>"; };
		23942A7229F2885800663A06 /* Info.plist */ = {isa = PBXFileReference; lastKnownFileType = text.plist.xml; path = Info.plist; sourceTree = "<group>"; };
		23942A7B29F291F200663A06 /* WeatherTableViewCell.swift */ = {isa = PBXFileReference; lastKnownFileType = sourcecode.swift; path = WeatherTableViewCell.swift; sourceTree = "<group>"; };
		23942A7C29F291F200663A06 /* WeatherTableViewCell.xib */ = {isa = PBXFileReference; lastKnownFileType = file.xib; path = WeatherTableViewCell.xib; sourceTree = "<group>"; };
		23942A7F29F2922500663A06 /* HourlyTableViewCell.swift */ = {isa = PBXFileReference; lastKnownFileType = sourcecode.swift; path = HourlyTableViewCell.swift; sourceTree = "<group>"; };
		23942A8029F2922500663A06 /* HourlyTableViewCell.xib */ = {isa = PBXFileReference; lastKnownFileType = file.xib; path = HourlyTableViewCell.xib; sourceTree = "<group>"; };
/* End PBXFileReference section */

/* Begin PBXFrameworksBuildPhase section */
		23942A5E29F2885700663A06 /* Frameworks */ = {
			isa = PBXFrameworksBuildPhase;
			buildActionMask = 2147483647;
			files = (
			);
			runOnlyForDeploymentPostprocessing = 0;
		};
/* End PBXFrameworksBuildPhase section */

/* Begin PBXGroup section */
		23942A5829F2885700663A06 = {
			isa = PBXGroup;
			children = (
				23942A6329F2885700663A06 /* WeatherApp7days */,
				23942A6229F2885700663A06 /* Products */,
			);
			sourceTree = "<group>";
		};
		23942A6229F2885700663A06 /* Products */ = {
			isa = PBXGroup;
			children = (
				23942A6129F2885700663A06 /* WeatherApp7days.app */,
			);
			name = Products;
			sourceTree = "<group>";
		};
		23942A6329F2885700663A06 /* WeatherApp7days */ = {
			isa = PBXGroup;
			children = (
				23942A7A29F2919200663A06 /* HourlyCollectionCell */,
				23942A7829F2915B00663A06 /* WeatherCell */,
				23942A6429F2885700663A06 /* AppDelegate.swift */,
				23942A6629F2885700663A06 /* SceneDelegate.swift */,
				23942A6829F2885700663A06 /* ViewController.swift */,
				23942A6A29F2885700663A06 /* Main.storyboard */,
				23942A6D29F2885700663A06 /* Assets.xcassets */,
				23942A6F29F2885800663A06 /* LaunchScreen.storyboard */,
				23942A7229F2885800663A06 /* Info.plist */,
			);
			path = WeatherApp7days;
			sourceTree = "<group>";
		};
		23942A7829F2915B00663A06 /* WeatherCell */ = {
			isa = PBXGroup;
			children = (
				23942A7B29F291F200663A06 /* WeatherTableViewCell.swift */,
				23942A7C29F291F200663A06 /* WeatherTableViewCell.xib */,
			);
			path = WeatherCell;
			sourceTree = "<group>";
		};
		23942A7A29F2919200663A06 /* HourlyCollectionCell */ = {
			isa = PBXGroup;
			children = (
				23942A7F29F2922500663A06 /* HourlyTableViewCell.swift */,
				23942A8029F2922500663A06 /* HourlyTableViewCell.xib */,
			);
			path = HourlyCollectionCell;
			sourceTree = "<group>";
		};
/* End PBXGroup section */

/* Begin PBXNativeTarget section */
		23942A6029F2885700663A06 /* WeatherApp7days */ = {
			isa = PBXNativeTarget;
			buildConfigurationList = 23942A7529F2885800663A06 /* Build configuration list for PBXNativeTarget "WeatherApp7days" */;
			buildPhases = (
				23942A5D29F2885700663A06 /* Sources */,
				23942A5E29F2885700663A06 /* Frameworks */,
				23942A5F29F2885700663A06 /* Resources */,
			);
			buildRules = (
			);
			dependencies = (
			);
			name = WeatherApp7days;
			productName = WeatherApp7days;
			productReference = 23942A6129F2885700663A06 /* WeatherApp7days.app */;
			productType = "com.apple.product-type.application";
		};
/* End PBXNativeTarget section */

/* Begin PBXProject section */
		23942A5929F2885700663A06 /* Project object */ = {
			isa = PBXProject;
			attributes = {
				LastSwiftUpdateCheck = 1250;
				LastUpgradeCheck = 1250;
				TargetAttributes = {
					23942A6029F2885700663A06 = {
						CreatedOnToolsVersion = 12.5.1;
					};
				};
			};
			buildConfigurationList = 23942A5C29F2885700663A06 /* Build configuration list for PBXProject "WeatherApp7days" */;
			compatibilityVersion = "Xcode 9.3";
			developmentRegion = en;
			hasScannedForEncodings = 0;
			knownRegions = (
				en,
				Base,
			);
			mainGroup = 23942A5829F2885700663A06;
			productRefGroup = 23942A6229F2885700663A06 /* Products */;
			projectDirPath = "";
			projectRoot = "";
			targets = (
				23942A6029F2885700663A06 /* WeatherApp7days */,
			);
		};
/* End PBXProject section */

/* Begin PBXResourcesBuildPhase section */
		23942A5F29F2885700663A06 /* Resources */ = {
			isa = PBXResourcesBuildPhase;
			buildActionMask = 2147483647;
			files = (
				23942A7E29F291F200663A06 /* WeatherTableViewCell.xib in Resources */,
				23942A8229F2922500663A06 /* HourlyTableViewCell.xib in Resources */,
				23942A7129F2885800663A06 /* LaunchScreen.storyboard in Resources */,
				23942A6E29F2885700663A06 /* Assets.xcassets in Resources */,
				23942A6C29F2885700663A06 /* Main.storyboard in Resources */,
			);
			runOnlyForDeploymentPostprocessing = 0;
		};
/* End PBXResourcesBuildPhase section */

/* Begin PBXSourcesBuildPhase section */
		23942A5D29F2885700663A06 /* Sources */ = {
			isa = PBXSourcesBuildPhase;
			buildActionMask = 2147483647;
			files = (
				23942A7D29F291F200663A06 /* WeatherTableViewCell.swift in Sources */,
				23942A6929F2885700663A06 /* ViewController.swift in Sources */,
				23942A8129F2922500663A06 /* HourlyTableViewCell.swift in Sources */,
				23942A6529F2885700663A06 /* AppDelegate.swift in Sources */,
				23942A6729F2885700663A06 /* SceneDelegate.swift in Sources */,
			);
			runOnlyForDeploymentPostprocessing = 0;
		};
/* End PBXSourcesBuildPhase section */

/* Begin PBXVariantGroup section */
		23942A6A29F2885700663A06 /* Main.storyboard */ = {
			isa = PBXVariantGroup;
			children = (
				23942A6B29F2885700663A06 /* Base */,
			);
			name = Main.storyboard;
			sourceTree = "<group>";
		};
		23942A6F29F2885800663A06 /* LaunchScreen.storyboard */ = {
			isa = PBXVariantGroup;
			children = (
				23942A7029F2885800663A06 /* Base */,
			);
			name = LaunchScreen.storyboard;
			sourceTree = "<group>";
		};
/* End PBXVariantGroup section */

/* Begin XCBuildConfiguration section */
		23942A7329F2885800663A06 /* Debug */ = {
			isa = XCBuildConfiguration;
			buildSettings = {
				ALWAYS_SEARCH_USER_PATHS = NO;
				CLANG_ANALYZER_NONNULL = YES;
				CLANG_ANALYZER_NUMBER_OBJECT_CONVERSION = YES_AGGRESSIVE;
				CLANG_CXX_LANGUAGE_STANDARD = "gnu++14";
				CLANG_CXX_LIBRARY = "libc++";
				CLANG_ENABLE_MODULES = YES;
				CLANG_ENABLE_OBJC_ARC = YES;
				CLANG_ENABLE_OBJC_WEAK = YES;
				CLANG_WARN_BLOCK_CAPTURE_AUTORELEASING = YES;
				CLANG_WARN_BOOL_CONVERSION = YES;
				CLANG_WARN_COMMA = YES;
				CLANG_WARN_CONSTANT_CONVERSION = YES;
				CLANG_WARN_DEPRECATED_OBJC_IMPLEMENTATIONS = YES;
				CLANG_WARN_DIRECT_OBJC_ISA_USAGE = YES_ERROR;
				CLANG_WARN_DOCUMENTATION_COMMENTS = YES;
				CLANG_WARN_EMPTY_BODY = YES;
				CLANG_WARN_ENUM_CONVERSION = YES;
				CLANG_WARN_INFINITE_RECURSION = YES;
				CLANG_WARN_INT_CONVERSION = YES;
				CLANG_WARN_NON_LITERAL_NULL_CONVERSION = YES;
				CLANG_WARN_OBJC_IMPLICIT_RETAIN_SELF = YES;
				CLANG_WARN_OBJC_LITERAL_CONVERSION = YES;
				CLANG_WARN_OBJC_ROOT_CLASS = YES_ERROR;
				CLANG_WARN_QUOTED_INCLUDE_IN_FRAMEWORK_HEADER = YES;
				CLANG_WARN_RANGE_LOOP_ANALYSIS = YES;
				CLANG_WARN_STRICT_PROTOTYPES = YES;
				CLANG_WARN_SUSPICIOUS_MOVE = YES;
				CLANG_WARN_UNGUARDED_AVAILABILITY = YES_AGGRESSIVE;
				CLANG_WARN_UNREACHABLE_CODE = YES;
				CLANG_WARN__DUPLICATE_METHOD_MATCH = YES;
				COPY_PHASE_STRIP = NO;
				DEBUG_INFORMATION_FORMAT = dwarf;
				ENABLE_STRICT_OBJC_MSGSEND = YES;
				ENABLE_TESTABILITY = YES;
				GCC_C_LANGUAGE_STANDARD = gnu11;
				GCC_DYNAMIC_NO_PIC = NO;
				GCC_NO_COMMON_BLOCKS = YES;
				GCC_OPTIMIZATION_LEVEL = 0;
				GCC_PREPROCESSOR_DEFINITIONS = (
					"DEBUG=1",
					"$(inherited)",
				);
				GCC_WARN_64_TO_32_BIT_CONVERSION = YES;
				GCC_WARN_ABOUT_RETURN_TYPE = YES_ERROR;
				GCC_WARN_UNDECLARED_SELECTOR = YES;
				GCC_WARN_UNINITIALIZED_AUTOS = YES_AGGRESSIVE;
				GCC_WARN_UNUSED_FUNCTION = YES;
				GCC_WARN_UNUSED_VARIABLE = YES;
				IPHONEOS_DEPLOYMENT_TARGET = 14.5;
				MTL_ENABLE_DEBUG_INFO = INCLUDE_SOURCE;
				MTL_FAST_MATH = YES;
				ONLY_ACTIVE_ARCH = YES;
				SDKROOT = iphoneos;
				SWIFT_ACTIVE_COMPILATION_CONDITIONS = DEBUG;
				SWIFT_OPTIMIZATION_LEVEL = "-Onone";
			};
			name = Debug;
		};
		23942A7429F2885800663A06 /* Release */ = {
			isa = XCBuildConfiguration;
			buildSettings = {
				ALWAYS_SEARCH_USER_PATHS = NO;
				CLANG_ANALYZER_NONNULL = YES;
				CLANG_ANALYZER_NUMBER_OBJECT_CONVERSION = YES_AGGRESSIVE;
				CLANG_CXX_LANGUAGE_STANDARD = "gnu++14";
				CLANG_CXX_LIBRARY = "libc++";
				CLANG_ENABLE_MODULES = YES;
				CLANG_ENABLE_OBJC_ARC = YES;
				CLANG_ENABLE_OBJC_WEAK = YES;
				CLANG_WARN_BLOCK_CAPTURE_AUTORELEASING = YES;
				CLANG_WARN_BOOL_CONVERSION = YES;
				CLANG_WARN_COMMA = YES;
				CLANG_WARN_CONSTANT_CONVERSION = YES;
				CLANG_WARN_DEPRECATED_OBJC_IMPLEMENTATIONS = YES;
				CLANG_WARN_DIRECT_OBJC_ISA_USAGE = YES_ERROR;
				CLANG_WARN_DOCUMENTATION_COMMENTS = YES;
				CLANG_WARN_EMPTY_BODY = YES;
				CLANG_WARN_ENUM_CONVERSION = YES;
				CLANG_WARN_INFINITE_RECURSION = YES;
				CLANG_WARN_INT_CONVERSION = YES;
				CLANG_WARN_NON_LITERAL_NULL_CONVERSION = YES;
				CLANG_WARN_OBJC_IMPLICIT_RETAIN_SELF = YES;
				CLANG_WARN_OBJC_LITERAL_CONVERSION = YES;
				CLANG_WARN_OBJC_ROOT_CLASS = YES_ERROR;
				CLANG_WARN_QUOTED_INCLUDE_IN_FRAMEWORK_HEADER = YES;
				CLANG_WARN_RANGE_LOOP_ANALYSIS = YES;
				CLANG_WARN_STRICT_PROTOTYPES = YES;
				CLANG_WARN_SUSPICIOUS_MOVE = YES;
				CLANG_WARN_UNGUARDED_AVAILABILITY = YES_AGGRESSIVE;
				CLANG_WARN_UNREACHABLE_CODE = YES;
				CLANG_WARN__DUPLICATE_METHOD_MATCH = YES;
				COPY_PHASE_STRIP = NO;
				DEBUG_INFORMATION_FORMAT = "dwarf-with-dsym";
				ENABLE_NS_ASSERTIONS = NO;
				ENABLE_STRICT_OBJC_MSGSEND = YES;
				GCC_C_LANGUAGE_STANDARD = gnu11;
				GCC_NO_COMMON_BLOCKS = YES;
				GCC_WARN_64_TO_32_BIT_CONVERSION = YES;
				GCC_WARN_ABOUT_RETURN_TYPE = YES_ERROR;
				GCC_WARN_UNDECLARED_SELECTOR = YES;
				GCC_WARN_UNINITIALIZED_AUTOS = YES_AGGRESSIVE;
				GCC_WARN_UNUSED_FUNCTION = YES;
				GCC_WARN_UNUSED_VARIABLE = YES;
				IPHONEOS_DEPLOYMENT_TARGET = 14.5;
				MTL_ENABLE_DEBUG_INFO = NO;
				MTL_FAST_MATH = YES;
				SDKROOT = iphoneos;
				SWIFT_COMPILATION_MODE = wholemodule;
				SWIFT_OPTIMIZATION_LEVEL = "-O";
				VALIDATE_PRODUCT = YES;
			};
			name = Release;
		};
		23942A7629F2885800663A06 /* Debug */ = {
			isa = XCBuildConfiguration;
			buildSettings = {
				ASSETCATALOG_COMPILER_APPICON_NAME = AppIcon;
				ASSETCATALOG_COMPILER_GLOBAL_ACCENT_COLOR_NAME = AccentColor;
				CODE_SIGN_STYLE = Automatic;
				DEVELOPMENT_TEAM = 886Y82ZT56;
				INFOPLIST_FILE = WeatherApp7days/Info.plist;
				LD_RUNPATH_SEARCH_PATHS = (
					"$(inherited)",
					"@executable_path/Frameworks",
				);
				PRODUCT_BUNDLE_IDENTIFIER = com.carringtons.WeatherApp7days;
				PRODUCT_NAME = "$(TARGET_NAME)";
				SWIFT_VERSION = 5.0;
				TARGETED_DEVICE_FAMILY = "1,2";
			};
			name = Debug;
		};
		23942A7729F2885800663A06 /* Release */ = {
			isa = XCBuildConfiguration;
			buildSettings = {
				ASSETCATALOG_COMPILER_APPICON_NAME = AppIcon;
				ASSETCATALOG_COMPILER_GLOBAL_ACCENT_COLOR_NAME = AccentColor;
				CODE_SIGN_STYLE = Automatic;
				DEVELOPMENT_TEAM = 886Y82ZT56;
				INFOPLIST_FILE = WeatherApp7days/Info.plist;
				LD_RUNPATH_SEARCH_PATHS = (
					"$(inherited)",
					"@executable_path/Frameworks",
				);
				PRODUCT_BUNDLE_IDENTIFIER = com.carringtons.WeatherApp7days;
				PRODUCT_NAME = "$(TARGET_NAME)";
				SWIFT_VERSION = 5.0;
				TARGETED_DEVICE_FAMILY = "1,2";
			};
			name = Release;
		};
/* End XCBuildConfiguration section */

/* Begin XCConfigurationList section */
		23942A5C29F2885700663A06 /* Build configuration list for PBXProject "WeatherApp7days" */ = {
			isa = XCConfigurationList;
			buildConfigurations = (
				23942A7329F2885800663A06 /* Debug */,
				23942A7429F2885800663A06 /* Release */,
			);
			defaultConfigurationIsVisible = 0;
			defaultConfigurationName = Release;
		};
		23942A7529F2885800663A06 /* Build configuration list for PBXNativeTarget "WeatherApp7days" */ = {
			isa = XCConfigurationList;
			buildConfigurations = (
				23942A7629F2885800663A06 /* Debug */,
				23942A7729F2885800663A06 /* Release */,
			);
			defaultConfigurationIsVisible = 0;
			defaultConfigurationName = Release;
		};
/* End XCConfigurationList section */
	};
	rootObject = 23942A5929F2885700663A06 /* Project object */;
}
